
Microsoft Visual Studio Solution File, Format Version 12.00
Project("{FAE04EC0-301F-11D3-BF4B-00C04F79EFBC}") = "AdeventOfCode", "AdeventOfCode\AdeventOfCode.csproj", "{935A8F28-7E99-49B1-A75A-045AC58CA5D2}"
EndProject
Global
	GlobalSection(SolutionConfigurationPlatforms) = preSolution
		Debug|Any CPU = Debug|Any CPU
		Release|Any CPU = Release|Any CPU
	EndGlobalSection
	GlobalSection(ProjectConfigurationPlatforms) = postSolution
		{935A8F28-7E99-49B1-A75A-045AC58CA5D2}.Debug|Any CPU.ActiveCfg = Debug|Any CPU
		{935A8F28-7E99-49B1-A75A-045AC58CA5D2}.Debug|Any CPU.Build.0 = Debug|Any CPU
		{935A8F28-7E99-49B1-A75A-045AC58CA5D2}.Release|Any CPU.ActiveCfg = Release|Any CPU
		{935A8F28-7E99-49B1-A75A-045AC58CA5D2}.Release|Any CPU.Build.0 = Release|Any CPU
	EndGlobalSection
EndGlobal
